
Microsoft Visual Studio Solution File, Format Version 12.00
# Visual Studio Version 17
VisualStudioVersion = 17.0.31903.59
MinimumVisualStudioVersion = 10.0.40219.1
Project("{2150E333-8FDC-42A3-9474-1A3956D46DE8}") = "src", "src", "{827E0CD3-B72D-47B6-A68D-7590B98EB39B}"
EndProject
Project("{2150E333-8FDC-42A3-9474-1A3956D46DE8}") = "Core", "Core", "{8D626EA8-CB54-BC41-363A-217881BEBA6E}"
EndProject
Project("{FAE04EC0-301F-11D3-BF4B-00C04F79EFBC}") = "Noir.Domain", "src\Core\Noir.Domain\Noir.Domain.csproj", "{8A216D98-3E62-421D-BB3C-54B394DE2B2F}"
EndProject
Project("{FAE04EC0-301F-11D3-BF4B-00C04F79EFBC}") = "Noir.Application", "src\Core\Noir.Application\Noir.Application.csproj", "{819B0894-9ACD-4BBC-ACCA-CAEBF85E7AD6}"
EndProject
Project("{2150E333-8FDC-42A3-9474-1A3956D46DE8}") = "Infrastructure", "Infrastructure", "{9048EB7F-3875-A59E-E36B-5BD4C6F2A282}"
EndProject
Project("{FAE04EC0-301F-11D3-BF4B-00C04F79EFBC}") = "Noir.Infrastructure", "src\Infrastructure\Noir.Infrastructure\Noir.Infrastructure.csproj", "{8421054C-2E27-47AD-9685-75784BB59580}"
EndProject
Project("{2150E333-8FDC-42A3-9474-1A3956D46DE8}") = "API", "API", "{81034408-37C8-1011-444E-4C15C2FADA8E}"
EndProject
Project("{FAE04EC0-301F-11D3-BF4B-00C04F79EFBC}") = "Noir.API", "src\API\Noir.API\Noir.API.csproj", "{6AD49C65-5B90-4770-8738-89D1938D6B10}"
EndProject
Global
	GlobalSection(SolutionConfigurationPlatforms) = preSolution
		Debug|Any CPU = Debug|Any CPU
		Debug|x64 = Debug|x64
		Debug|x86 = Debug|x86
		Release|Any CPU = Release|Any CPU
		Release|x64 = Release|x64
		Release|x86 = Release|x86
	EndGlobalSection
	GlobalSection(ProjectConfigurationPlatforms) = postSolution
		{8A216D98-3E62-421D-BB3C-54B394DE2B2F}.Debug|Any CPU.ActiveCfg = Debug|Any CPU
		{8A216D98-3E62-421D-BB3C-54B394DE2B2F}.Debug|Any CPU.Build.0 = Debug|Any CPU
		{8A216D98-3E62-421D-BB3C-54B394DE2B2F}.Debug|x64.ActiveCfg = Debug|Any CPU
		{8A216D98-3E62-421D-BB3C-54B394DE2B2F}.Debug|x64.Build.0 = Debug|Any CPU
		{8A216D98-3E62-421D-BB3C-54B394DE2B2F}.Debug|x86.ActiveCfg = Debug|Any CPU
		{8A216D98-3E62-421D-BB3C-54B394DE2B2F}.Debug|x86.Build.0 = Debug|Any CPU
		{8A216D98-3E62-421D-BB3C-54B394DE2B2F}.Release|Any CPU.ActiveCfg = Release|Any CPU
		{8A216D98-3E62-421D-BB3C-54B394DE2B2F}.Release|Any CPU.Build.0 = Release|Any CPU
		{8A216D98-3E62-421D-BB3C-54B394DE2B2F}.Release|x64.ActiveCfg = Release|Any CPU
		{8A216D98-3E62-421D-BB3C-54B394DE2B2F}.Release|x64.Build.0 = Release|Any CPU
		{8A216D98-3E62-421D-BB3C-54B394DE2B2F}.Release|x86.ActiveCfg = Release|Any CPU
		{8A216D98-3E62-421D-BB3C-54B394DE2B2F}.Release|x86.Build.0 = Release|Any CPU
		{819B0894-9ACD-4BBC-ACCA-CAEBF85E7AD6}.Debug|Any CPU.ActiveCfg = Debug|Any CPU
		{819B0894-9ACD-4BBC-ACCA-CAEBF85E7AD6}.Debug|Any CPU.Build.0 = Debug|Any CPU
		{819B0894-9ACD-4BBC-ACCA-CAEBF85E7AD6}.Debug|x64.ActiveCfg = Debug|Any CPU
		{819B0894-9ACD-4BBC-ACCA-CAEBF85E7AD6}.Debug|x64.Build.0 = Debug|Any CPU
		{819B0894-9ACD-4BBC-ACCA-CAEBF85E7AD6}.Debug|x86.ActiveCfg = Debug|Any CPU
		{819B0894-9ACD-4BBC-ACCA-CAEBF85E7AD6}.Debug|x86.Build.0 = Debug|Any CPU
		{819B0894-9ACD-4BBC-ACCA-CAEBF85E7AD6}.Release|Any CPU.ActiveCfg = Release|Any CPU
		{819B0894-9ACD-4BBC-ACCA-CAEBF85E7AD6}.Release|Any CPU.Build.0 = Release|Any CPU
		{819B0894-9ACD-4BBC-ACCA-CAEBF85E7AD6}.Release|x64.ActiveCfg = Release|Any CPU
		{819B0894-9ACD-4BBC-ACCA-CAEBF85E7AD6}.Release|x64.Build.0 = Release|Any CPU
		{819B0894-9ACD-4BBC-ACCA-CAEBF85E7AD6}.Release|x86.ActiveCfg = Release|Any CPU
		{819B0894-9ACD-4BBC-ACCA-CAEBF85E7AD6}.Release|x86.Build.0 = Release|Any CPU
		{8421054C-2E27-47AD-9685-75784BB59580}.Debug|Any CPU.ActiveCfg = Debug|Any CPU
		{8421054C-2E27-47AD-9685-75784BB59580}.Debug|Any CPU.Build.0 = Debug|Any CPU
		{8421054C-2E27-47AD-9685-75784BB59580}.Debug|x64.ActiveCfg = Debug|Any CPU
		{8421054C-2E27-47AD-9685-75784BB59580}.Debug|x64.Build.0 = Debug|Any CPU
		{8421054C-2E27-47AD-9685-75784BB59580}.Debug|x86.ActiveCfg = Debug|Any CPU
		{8421054C-2E27-47AD-9685-75784BB59580}.Debug|x86.Build.0 = Debug|Any CPU
		{8421054C-2E27-47AD-9685-75784BB59580}.Release|Any CPU.ActiveCfg = Release|Any CPU
		{8421054C-2E27-47AD-9685-75784BB59580}.Release|Any CPU.Build.0 = Release|Any CPU
		{8421054C-2E27-47AD-9685-75784BB59580}.Release|x64.ActiveCfg = Release|Any CPU
		{8421054C-2E27-47AD-9685-75784BB59580}.Release|x64.Build.0 = Release|Any CPU
		{8421054C-2E27-47AD-9685-75784BB59580}.Release|x86.ActiveCfg = Release|Any CPU
		{8421054C-2E27-47AD-9685-75784BB59580}.Release|x86.Build.0 = Release|Any CPU
		{6AD49C65-5B90-4770-8738-89D1938D6B10}.Debug|Any CPU.ActiveCfg = Debug|Any CPU
		{6AD49C65-5B90-4770-8738-89D1938D6B10}.Debug|Any CPU.Build.0 = Debug|Any CPU
		{6AD49C65-5B90-4770-8738-89D1938D6B10}.Debug|x64.ActiveCfg = Debug|Any CPU
		{6AD49C65-5B90-4770-8738-89D1938D6B10}.Debug|x64.Build.0 = Debug|Any CPU
		{6AD49C65-5B90-4770-8738-89D1938D6B10}.Debug|x86.ActiveCfg = Debug|Any CPU
		{6AD49C65-5B90-4770-8738-89D1938D6B10}.Debug|x86.Build.0 = Debug|Any CPU
		{6AD49C65-5B90-4770-8738-89D1938D6B10}.Release|Any CPU.ActiveCfg = Release|Any CPU
		{6AD49C65-5B90-4770-8738-89D1938D6B10}.Release|Any CPU.Build.0 = Release|Any CPU
		{6AD49C65-5B90-4770-8738-89D1938D6B10}.Release|x64.ActiveCfg = Release|Any CPU
		{6AD49C65-5B90-4770-8738-89D1938D6B10}.Release|x64.Build.0 = Release|Any CPU
		{6AD49C65-5B90-4770-8738-89D1938D6B10}.Release|x86.ActiveCfg = Release|Any CPU
		{6AD49C65-5B90-4770-8738-89D1938D6B10}.Release|x86.Build.0 = Release|Any CPU
	EndGlobalSection
	GlobalSection(SolutionProperties) = preSolution
		HideSolutionNode = FALSE
	EndGlobalSection
	GlobalSection(NestedProjects) = preSolution
		{8D626EA8-CB54-BC41-363A-217881BEBA6E} = {827E0CD3-B72D-47B6-A68D-7590B98EB39B}
		{8A216D98-3E62-421D-BB3C-54B394DE2B2F} = {8D626EA8-CB54-BC41-363A-217881BEBA6E}
		{819B0894-9ACD-4BBC-ACCA-CAEBF85E7AD6} = {8D626EA8-CB54-BC41-363A-217881BEBA6E}
		{9048EB7F-3875-A59E-E36B-5BD4C6F2A282} = {827E0CD3-B72D-47B6-A68D-7590B98EB39B}
		{8421054C-2E27-47AD-9685-75784BB59580} = {9048EB7F-3875-A59E-E36B-5BD4C6F2A282}
		{81034408-37C8-1011-444E-4C15C2FADA8E} = {827E0CD3-B72D-47B6-A68D-7590B98EB39B}
		{6AD49C65-5B90-4770-8738-89D1938D6B10} = {81034408-37C8-1011-444E-4C15C2FADA8E}
	EndGlobalSection
EndGlobal
